
Microsoft Visual Studio Solution File, Format Version 12.00
# Visual Studio Version 17
VisualStudioVersion = 17.4.33213.308
MinimumVisualStudioVersion = 10.0.40219.1
Project("{FAE04EC0-301F-11D3-BF4B-00C04F79EFBC}") = "AlgorithmExamples", "AlgorithmExamples\AlgorithmExamples.csproj", "{1EEFFFE4-0CF5-4942-B6F9-6A7F569A5167}"
EndProject
Global
	GlobalSection(SolutionConfigurationPlatforms) = preSolution
		Debug|Any CPU = Debug|Any CPU
		Release|Any CPU = Release|Any CPU
	EndGlobalSection
	GlobalSection(ProjectConfigurationPlatforms) = postSolution
		{1EEFFFE4-0CF5-4942-B6F9-6A7F569A5167}.Debug|Any CPU.ActiveCfg = Debug|Any CPU
		{1EEFFFE4-0CF5-4942-B6F9-6A7F569A5167}.Debug|Any CPU.Build.0 = Debug|Any CPU
		{1EEFFFE4-0CF5-4942-B6F9-6A7F569A5167}.Release|Any CPU.ActiveCfg = Release|Any CPU
		{1EEFFFE4-0CF5-4942-B6F9-6A7F569A5167}.Release|Any CPU.Build.0 = Release|Any CPU
	EndGlobalSection
	GlobalSection(SolutionProperties) = preSolution
		HideSolutionNode = FALSE
	EndGlobalSection
	GlobalSection(ExtensibilityGlobals) = postSolution
		SolutionGuid = {2E6CDCD0-1EB8-4558-8853-91FCA8C8C5A8}
	EndGlobalSection
EndGlobal
