
Microsoft Visual Studio Solution File, Format Version 12.00
# Visual Studio Version 17
VisualStudioVersion = 17.4.33213.308
MinimumVisualStudioVersion = 10.0.40219.1
Project("{FAE04EC0-301F-11D3-BF4B-00C04F79EFBC}") = "Algorithm Examples", "Algorithm Examples.csproj", "{F544E79C-5410-4CA8-923E-323A96450B90}"
EndProject
Global
	GlobalSection(SolutionConfigurationPlatforms) = preSolution
		Debug|Any CPU = Debug|Any CPU
		Release|Any CPU = Release|Any CPU
	EndGlobalSection
	GlobalSection(ProjectConfigurationPlatforms) = postSolution
		{F544E79C-5410-4CA8-923E-323A96450B90}.Debug|Any CPU.ActiveCfg = Debug|Any CPU
		{F544E79C-5410-4CA8-923E-323A96450B90}.Debug|Any CPU.Build.0 = Debug|Any CPU
		{F544E79C-5410-4CA8-923E-323A96450B90}.Release|Any CPU.ActiveCfg = Release|Any CPU
		{F544E79C-5410-4CA8-923E-323A96450B90}.Release|Any CPU.Build.0 = Release|Any CPU
	EndGlobalSection
	GlobalSection(SolutionProperties) = preSolution
		HideSolutionNode = FALSE
	EndGlobalSection
	GlobalSection(ExtensibilityGlobals) = postSolution
		SolutionGuid = {A0E75579-8E5B-48FD-B8FC-CBDA8F2E0167}
	EndGlobalSection
EndGlobal
